
Microsoft Visual Studio Solution File, Format Version 12.00
# Visual Studio Version 16
VisualStudioVersion = 16.0.30717.126
MinimumVisualStudioVersion = 10.0.40219.1
Project("{8BC9CEB8-8B4A-11D0-8D11-00A0C91BC942}") = "dingding", "dingding.vcxproj", "{AFC4FA99-8D34-437F-B3F5-4DE556FA1153}"
EndProject
Global
	GlobalSection(SolutionConfigurationPlatforms) = preSolution
		Debug|x64 = Debug|x64
		Debug|x86 = Debug|x86
		Release|x64 = Release|x64
		Release|x86 = Release|x86
	EndGlobalSection
	GlobalSection(ProjectConfigurationPlatforms) = postSolution
		{AFC4FA99-8D34-437F-B3F5-4DE556FA1153}.Debug|x64.ActiveCfg = Debug|x64
		{AFC4FA99-8D34-437F-B3F5-4DE556FA1153}.Debug|x64.Build.0 = Debug|x64
		{AFC4FA99-8D34-437F-B3F5-4DE556FA1153}.Debug|x86.ActiveCfg = Debug|Win32
		{AFC4FA99-8D34-437F-B3F5-4DE556FA1153}.Debug|x86.Build.0 = Debug|Win32
		{AFC4FA99-8D34-437F-B3F5-4DE556FA1153}.Release|x64.ActiveCfg = Release|x64
		{AFC4FA99-8D34-437F-B3F5-4DE556FA1153}.Release|x64.Build.0 = Release|x64
		{AFC4FA99-8D34-437F-B3F5-4DE556FA1153}.Release|x86.ActiveCfg = Release|Win32
		{AFC4FA99-8D34-437F-B3F5-4DE556FA1153}.Release|x86.Build.0 = Release|Win32
	EndGlobalSection
	GlobalSection(SolutionProperties) = preSolution
		HideSolutionNode = FALSE
	EndGlobalSection
	GlobalSection(ExtensibilityGlobals) = postSolution
		SolutionGuid = {21E323D7-2471-4366-B58A-70B03BA2F603}
	EndGlobalSection
EndGlobal
